# This file is automatically @generated by Poetry 1.8.3 and should not be changed by hand.

[[package]]
name = "cocotb"
version = "1.8.1"
description = "cocotb is a coroutine based cosimulation library for writing VHDL and Verilog testbenches in Python."
optional = false
python-versions = ">=3.6"
files = [
    {file = "cocotb-1.8.1-cp310-cp310-macosx_10_9_x86_64.whl", hash = "sha256:06ae2b2d899095ee4fd4f9604e0fd3706102ef681659f8dc68e4faf6d990d89f"},
    {file = "cocotb-1.8.1-cp310-cp310-manylinux_2_17_x86_64.manylinux2014_x86_64.whl", hash = "sha256:f8d642e1106750a519c015c651ec94a5d9008da0a29d39b2d073206bd60ce452"},
    {file = "cocotb-1.8.1-cp310-cp310-manylinux_2_5_i686.manylinux1_i686.manylinux_2_17_i686.manylinux2014_i686.whl", hash = "sha256:de9d329e747048ae8d9c08794cc2ee48850b13c387d647227ff76ac2df184fcb"},
    {file = "cocotb-1.8.1-cp310-cp310-win32.whl", hash = "sha256:87cb47d81d6c55f64662512dda8088e5f430740a42feaa67f7b8e10bd249c02c"},
    {file = "cocotb-1.8.1-cp310-cp310-win_amd64.whl", hash = "sha256:8b0643be8b1dee02453233a40ad94919f5781bcb08893689c99b9c7ab08695f3"},
    {file = "cocotb-1.8.1-cp311-cp311-macosx_10_9_x86_64.whl", hash = "sha256:708cb6fcb2ee00fe80bd45a03f2a202980d2b563dcb064c2f3c904c84e87e2b1"},
    {file = "cocotb-1.8.1-cp311-cp311-manylinux_2_17_x86_64.manylinux2014_x86_64.whl", hash = "sha256:4a6d3d824c746410da8f294c34dcca820f1350c1639cafb4b6394844a07f7371"},
    {file = "cocotb-1.8.1-cp311-cp311-manylinux_2_5_i686.manylinux1_i686.manylinux_2_17_i686.manylinux2014_i686.whl", hash = "sha256:a3a9e442211691a3602dd8cce288e9b66f2bab220bc01d1b17e5f30db4a9622c"},
    {file = "cocotb-1.8.1-cp311-cp311-win32.whl", hash = "sha256:7d47c3aa3432575eb26f6783ef7832a6db873265fd40a89ade22599e59a784f6"},
    {file = "cocotb-1.8.1-cp311-cp311-win_amd64.whl", hash = "sha256:9ffebe392a4f0cb757ccea51d4902db9abc537e57b9151c5ecc8b4f898ec7817"},
    {file = "cocotb-1.8.1-cp312-cp312-macosx_10_9_x86_64.whl", hash = "sha256:9d70978a5c587fc26c66c3f0e8a5bc0545a70397cbfd15b342685fed38959fc1"},
    {file = "cocotb-1.8.1-cp312-cp312-manylinux_2_17_x86_64.manylinux2014_x86_64.whl", hash = "sha256:5692e56925de8d71ce8d379bd80a2e103fe0fba1e0c4c3b539b10eafe22fb6c1"},
    {file = "cocotb-1.8.1-cp312-cp312-manylinux_2_5_i686.manylinux1_i686.manylinux_2_17_i686.manylinux2014_i686.whl", hash = "sha256:4cbfb462315b12f157381c388f3ab5a074c0293e54852f8851152bf295bf6807"},
    {file = "cocotb-1.8.1-cp312-cp312-win32.whl", hash = "sha256:ac5fa8f47613c1487156d20fb09d4679566572922971ea922ec5acec38629fa9"},
    {file = "cocotb-1.8.1-cp312-cp312-win_amd64.whl", hash = "sha256:b9e7a09d0f76115f02d9c957110d5970e759c2bc8d1d5a448716ed3a67a66367"},
    {file = "cocotb-1.8.1-cp36-cp36m-macosx_10_9_x86_64.whl", hash = "sha256:34da6f570c584434e34fe98f1b03cd394c2e43302c85a5510c6aebc5bffd679a"},
    {file = "cocotb-1.8.1-cp36-cp36m-manylinux_2_5_i686.manylinux1_i686.whl", hash = "sha256:4f8f7401f107e04fb5f1c1bbb6a4434d11fff4bfe6871bea8a822b3ec91e7885"},
    {file = "cocotb-1.8.1-cp36-cp36m-manylinux_2_5_x86_64.manylinux1_x86_64.whl", hash = "sha256:2343642030caf03b707eb7ee665de3adcffab08c5884b40c363ae042e1aad3d4"},
    {file = "cocotb-1.8.1-cp36-cp36m-win32.whl", hash = "sha256:ab136393aa5776a9a6f25d94af62dd947791482d325516072288668741be934b"},
    {file = "cocotb-1.8.1-cp36-cp36m-win_amd64.whl", hash = "sha256:1d3af65372ed044f27b69039325bf018738685e59be928fb4efde0c0e86b1ba0"},
    {file = "cocotb-1.8.1-cp37-cp37m-macosx_10_9_x86_64.whl", hash = "sha256:e8d9525a92312d8271fc612c98ce027d285c3f93925f63908c4e9af72a9ba5eb"},
    {file = "cocotb-1.8.1-cp37-cp37m-manylinux_2_17_x86_64.manylinux2014_x86_64.whl", hash = "sha256:bfa07a47e6b0654ed65e06b37b93316cc3afb7d9b52fe5c07579edd10bdb6281"},
    {file = "cocotb-1.8.1-cp37-cp37m-manylinux_2_5_i686.manylinux1_i686.manylinux_2_17_i686.manylinux2014_i686.whl", hash = "sha256:298f4e3c0eafda1964112d050cf08827f5aa3c3759960bef1cdce1c57ce645d4"},
    {file = "cocotb-1.8.1-cp37-cp37m-win32.whl", hash = "sha256:174209743e2743a4c1adb885bb212bb40447464a54388cae360225cb4353499b"},
    {file = "cocotb-1.8.1-cp37-cp37m-win_amd64.whl", hash = "sha256:71a6a2e39596fe6f2094cc3d4fc35621a6c1e74ca70dc868973a71c6f77f3bdb"},
    {file = "cocotb-1.8.1-cp38-cp38-macosx_10_9_x86_64.whl", hash = "sha256:f3a6f6f0fa5914c491d22d5796f15b5d0b152f76c071fecb3665af60b471bbe7"},
    {file = "cocotb-1.8.1-cp38-cp38-manylinux_2_17_x86_64.manylinux2014_x86_64.whl", hash = "sha256:1196ba5f341c4e6752e4db71e99932499980a907ec264387d75c6f37d3e09ab6"},
    {file = "cocotb-1.8.1-cp38-cp38-manylinux_2_5_i686.manylinux1_i686.manylinux_2_17_i686.manylinux2014_i686.whl", hash = "sha256:b1ba54da9217b2231d58a380b19f5bc749f6b1d1b21460bc0951d0c1317a2f5d"},
    {file = "cocotb-1.8.1-cp38-cp38-win32.whl", hash = "sha256:032569407d22b55a1d7acb07b1be12e2010e332c49d2c04404707d10d892cc27"},
    {file = "cocotb-1.8.1-cp38-cp38-win_amd64.whl", hash = "sha256:b70d8c803c7215bd54249e53b2591b484346420168dd1cafdb2e0d27e214db11"},
    {file = "cocotb-1.8.1-cp39-cp39-macosx_10_9_x86_64.whl", hash = "sha256:cbe760f6a0869140a7fa2124c295e2a4299300f0f839017e6b43ab4490bbc522"},
    {file = "cocotb-1.8.1-cp39-cp39-manylinux_2_17_x86_64.manylinux2014_x86_64.whl", hash = "sha256:d2a05df85a5259654d2c10cc0ac8ad877b6ca986fb559a911a9207bcdbc887fd"},
    {file = "cocotb-1.8.1-cp39-cp39-manylinux_2_5_i686.manylinux1_i686.manylinux_2_17_i686.manylinux2014_i686.whl", hash = "sha256:59cb5e35533b28301e1ff1858aabe1d6bac4305536d5fc40edb188dfda42e0ae"},
    {file = "cocotb-1.8.1-cp39-cp39-win32.whl", hash = "sha256:2824f26d15713056de44507017f88189419cf7b68252cedbdbed272ee753917f"},
    {file = "cocotb-1.8.1-cp39-cp39-win_amd64.whl", hash = "sha256:797044b85d5efc56bad7ff789f1811990e67de22fbec614ac37009a9aa608ce5"},
    {file = "cocotb-1.8.1.tar.gz", hash = "sha256:1499dbe0d4d10676bc9b234861e1df171a7f02aca6b696b5fadf01fe61e3a4f6"},
]

[package.dependencies]
find-libpython = "*"

[package.extras]
bus = ["cocotb-bus"]

[[package]]
name = "find-libpython"
version = "0.4.0"
description = "Finds the libpython associated with your environment, wherever it may be hiding"
optional = false
python-versions = "*"
files = [
    {file = "find_libpython-0.4.0-py3-none-any.whl", hash = "sha256:034a4253bd57da3408aefc59aeac1650150f6c1f42e10fdd31615cf1df0842e3"},
    {file = "find_libpython-0.4.0.tar.gz", hash = "sha256:46f9cdcd397ddb563b2d7592ded3796a41c1df5222443bd9d981721c906c03e6"},
]

[[package]]
name = "install"
version = "1.3.5"
description = "Install packages from within code"
optional = false
python-versions = ">=2.7, >=3.5"
files = [
    {file = "install-1.3.5-py3-none-any.whl", hash = "sha256:0d3fadf4aa62c95efe8d34757c8507eb46177f86c016c21c6551eafc6a53d5a9"},
    {file = "install-1.3.5.tar.gz", hash = "sha256:e67c8a0be5ccf8cb4ffa17d090f3a61b6e820e6a7e21cd1d2c0f7bc59b18e647"},
]

[metadata]
lock-version = "2.0"
python-versions = "^3.11"
content-hash = "1040613bdfd986d17ae9f665122d07d74d99cf6c7343c55fb5c48f5bb7848422"
